
Microsoft Visual Studio Solution File, Format Version 12.00
# Visual Studio Version 17
VisualStudioVersion = 17.3.32929.385
MinimumVisualStudioVersion = 10.0.40219.1
Project("{FAE04EC0-301F-11D3-BF4B-00C04F79EFBC}") = "宣告一個List(Product)變數, 存放多筆購買商品", "宣告一個List(Product)變數, 存放多筆購買商品\宣告一個List(Product)變數, 存放多筆購買商品.csproj", "{13FCC2A7-98F0-416E-A0B8-AF2B1BDA8019}"
EndProject
Global
	GlobalSection(SolutionConfigurationPlatforms) = preSolution
		Debug|Any CPU = Debug|Any CPU
		Release|Any CPU = Release|Any CPU
	EndGlobalSection
	GlobalSection(ProjectConfigurationPlatforms) = postSolution
		{13FCC2A7-98F0-416E-A0B8-AF2B1BDA8019}.Debug|Any CPU.ActiveCfg = Debug|Any CPU
		{13FCC2A7-98F0-416E-A0B8-AF2B1BDA8019}.Debug|Any CPU.Build.0 = Debug|Any CPU
		{13FCC2A7-98F0-416E-A0B8-AF2B1BDA8019}.Release|Any CPU.ActiveCfg = Release|Any CPU
		{13FCC2A7-98F0-416E-A0B8-AF2B1BDA8019}.Release|Any CPU.Build.0 = Release|Any CPU
	EndGlobalSection
	GlobalSection(SolutionProperties) = preSolution
		HideSolutionNode = FALSE
	EndGlobalSection
	GlobalSection(ExtensibilityGlobals) = postSolution
		SolutionGuid = {C34ECA71-B5FF-4B73-8407-A03878952B26}
	EndGlobalSection
EndGlobal
